
Microsoft Visual Studio Solution File, Format Version 12.00
# Visual Studio 15
VisualStudioVersion = 15.0.26730.12
MinimumVisualStudioVersion = 10.0.40219.1
Project("{FAE04EC0-301F-11D3-BF4B-00C04F79EFBC}") = "DDDBrisbane", "DDDBrisbane\DDDBrisbane.csproj", "{47BE7830-B957-409A-95F1-C1E8559ECB4F}"
EndProject
Project("{E53339B2-1760-4266-BCC7-CA923CBCF16C}") = "docker-compose", "docker-compose.dcproj", "{A63EE508-B353-4FAD-89AE-612489139A95}"
EndProject
Project("{FAE04EC0-301F-11D3-BF4B-00C04F79EFBC}") = "DDDBrisbane.Logic", "DDDBrisbane.Logic\DDDBrisbane.Logic.csproj", "{38B28919-C6DA-4E75-8FCA-7E8B98D484E4}"
EndProject
Global
	GlobalSection(SolutionConfigurationPlatforms) = preSolution
		Debug|Any CPU = Debug|Any CPU
		Release|Any CPU = Release|Any CPU
	EndGlobalSection
	GlobalSection(ProjectConfigurationPlatforms) = postSolution
		{47BE7830-B957-409A-95F1-C1E8559ECB4F}.Debug|Any CPU.ActiveCfg = Debug|Any CPU
		{47BE7830-B957-409A-95F1-C1E8559ECB4F}.Debug|Any CPU.Build.0 = Debug|Any CPU
		{47BE7830-B957-409A-95F1-C1E8559ECB4F}.Release|Any CPU.ActiveCfg = Release|Any CPU
		{47BE7830-B957-409A-95F1-C1E8559ECB4F}.Release|Any CPU.Build.0 = Release|Any CPU
		{A63EE508-B353-4FAD-89AE-612489139A95}.Debug|Any CPU.ActiveCfg = Debug|Any CPU
		{A63EE508-B353-4FAD-89AE-612489139A95}.Debug|Any CPU.Build.0 = Debug|Any CPU
		{A63EE508-B353-4FAD-89AE-612489139A95}.Release|Any CPU.ActiveCfg = Release|Any CPU
		{A63EE508-B353-4FAD-89AE-612489139A95}.Release|Any CPU.Build.0 = Release|Any CPU
		{38B28919-C6DA-4E75-8FCA-7E8B98D484E4}.Debug|Any CPU.ActiveCfg = Debug|Any CPU
		{38B28919-C6DA-4E75-8FCA-7E8B98D484E4}.Debug|Any CPU.Build.0 = Debug|Any CPU
		{38B28919-C6DA-4E75-8FCA-7E8B98D484E4}.Release|Any CPU.ActiveCfg = Release|Any CPU
		{38B28919-C6DA-4E75-8FCA-7E8B98D484E4}.Release|Any CPU.Build.0 = Release|Any CPU
	EndGlobalSection
	GlobalSection(SolutionProperties) = preSolution
		HideSolutionNode = FALSE
	EndGlobalSection
	GlobalSection(ExtensibilityGlobals) = postSolution
		SolutionGuid = {124BD5CB-1A80-480F-8FB3-63392B15BBA7}
	EndGlobalSection
EndGlobal
